
Microsoft Visual Studio Solution File, Format Version 12.00
# Visual Studio 2013
VisualStudioVersion = 12.0.21005.1
MinimumVisualStudioVersion = 10.0.40219.1
Project("{8BC9CEB8-8B4A-11D0-8D11-00A0C91BC942}") = "6.37", "6.37\6.37.vcxproj", "{A0DCC86F-2632-4F0F-8669-7957EDD0342A}"
EndProject
Global
	GlobalSection(SolutionConfigurationPlatforms) = preSolution
		Debug|Win32 = Debug|Win32
		Release|Win32 = Release|Win32
	EndGlobalSection
	GlobalSection(ProjectConfigurationPlatforms) = postSolution
		{A0DCC86F-2632-4F0F-8669-7957EDD0342A}.Debug|Win32.ActiveCfg = Debug|Win32
		{A0DCC86F-2632-4F0F-8669-7957EDD0342A}.Debug|Win32.Build.0 = Debug|Win32
		{A0DCC86F-2632-4F0F-8669-7957EDD0342A}.Release|Win32.ActiveCfg = Release|Win32
		{A0DCC86F-2632-4F0F-8669-7957EDD0342A}.Release|Win32.Build.0 = Release|Win32
	EndGlobalSection
	GlobalSection(SolutionProperties) = preSolution
		HideSolutionNode = FALSE
	EndGlobalSection
EndGlobal
